// !$*UTF8*$!
{
	archiveVersion = 1;
	classes = {
	};
	objectVersion = 56;
	objects = {

/* Begin PBXBuildFile section */
		63462CA52C08C20300F411DA /* NewsApp.swift in Sources */ = {isa = PBXBuildFile; fileRef = 63462CA42C08C20300F411DA /* NewsApp.swift */; };
		63462CA72C08C20300F411DA /* ContentView.swift in Sources */ = {isa = PBXBuildFile; fileRef = 63462CA62C08C20300F411DA /* ContentView.swift */; };
		63462CA92C08C20F00F411DA /* Assets.xcassets in Resources */ = {isa = PBXBuildFile; fileRef = 63462CA82C08C20F00F411DA /* Assets.xcassets */; };
		63462CAC2C08C20F00F411DA /* Preview Assets.xcassets in Resources */ = {isa = PBXBuildFile; fileRef = 63462CAB2C08C20F00F411DA /* Preview Assets.xcassets */; };
		63462CB32C08D40B00F411DA /* ArticleView.swift in Sources */ = {isa = PBXBuildFile; fileRef = 63462CB22C08D40B00F411DA /* ArticleView.swift */; };
		63462CB52C08D42A00F411DA /* NewsListView.swift in Sources */ = {isa = PBXBuildFile; fileRef = 63462CB42C08D42A00F411DA /* NewsListView.swift */; };
		63462CB72C08D4A600F411DA /* ArticleItem.swift in Sources */ = {isa = PBXBuildFile; fileRef = 63462CB62C08D4A600F411DA /* ArticleItem.swift */; };
		63462CBB2C08D6B400F411DA /* NewsLoader.swift in Sources */ = {isa = PBXBuildFile; fileRef = 63462CBA2C08D6B400F411DA /* NewsLoader.swift */; };
		63462CD72C0B966800F411DA /* NewsListViewModel.swift in Sources */ = {isa = PBXBuildFile; fileRef = 63462CD62C0B966800F411DA /* NewsListViewModel.swift */; };
		63462CD92C0B971000F411DA /* Article.swift in Sources */ = {isa = PBXBuildFile; fileRef = 63462CD82C0B971000F411DA /* Article.swift */; };
		63462CDC2C0B975500F411DA /* ArticlesJSON.swift in Sources */ = {isa = PBXBuildFile; fileRef = 63462CDB2C0B975500F411DA /* ArticlesJSON.swift */; };
		63462CDE2C0C3D2E00F411DA /* ArticleDetailView.swift in Sources */ = {isa = PBXBuildFile; fileRef = 63462CDD2C0C3D2E00F411DA /* ArticleDetailView.swift */; };
		63462CE42C0C748800F411DA /* Color+extension.swift in Sources */ = {isa = PBXBuildFile; fileRef = 63462CE32C0C748800F411DA /* Color+extension.swift */; };
/* End PBXBuildFile section */

/* Begin PBXFileReference section */
		63462CA12C08C20300F411DA /* News.app */ = {isa = PBXFileReference; explicitFileType = wrapper.application; includeInIndex = 0; path = News.app; sourceTree = BUILT_PRODUCTS_DIR; };
		63462CA42C08C20300F411DA /* NewsApp.swift */ = {isa = PBXFileReference; lastKnownFileType = sourcecode.swift; path = NewsApp.swift; sourceTree = "<group>"; };
		63462CA62C08C20300F411DA /* ContentView.swift */ = {isa = PBXFileReference; lastKnownFileType = sourcecode.swift; path = ContentView.swift; sourceTree = "<group>"; };
		63462CA82C08C20F00F411DA /* Assets.xcassets */ = {isa = PBXFileReference; lastKnownFileType = folder.assetcatalog; path = Assets.xcassets; sourceTree = "<group>"; };
		63462CAB2C08C20F00F411DA /* Preview Assets.xcassets */ = {isa = PBXFileReference; lastKnownFileType = folder.assetcatalog; path = "Preview Assets.xcassets"; sourceTree = "<group>"; };
		63462CB22C08D40B00F411DA /* ArticleView.swift */ = {isa = PBXFileReference; lastKnownFileType = sourcecode.swift; path = ArticleView.swift; sourceTree = "<group>"; };
		63462CB42C08D42A00F411DA /* NewsListView.swift */ = {isa = PBXFileReference; lastKnownFileType = sourcecode.swift; path = NewsListView.swift; sourceTree = "<group>"; };
		63462CB62C08D4A600F411DA /* ArticleItem.swift */ = {isa = PBXFileReference; lastKnownFileType = sourcecode.swift; path = ArticleItem.swift; sourceTree = "<group>"; };
		63462CBA2C08D6B400F411DA /* NewsLoader.swift */ = {isa = PBXFileReference; lastKnownFileType = sourcecode.swift; path = NewsLoader.swift; sourceTree = "<group>"; };
		63462CD62C0B966800F411DA /* NewsListViewModel.swift */ = {isa = PBXFileReference; lastKnownFileType = sourcecode.swift; path = NewsListViewModel.swift; sourceTree = "<group>"; };
		63462CD82C0B971000F411DA /* Article.swift */ = {isa = PBXFileReference; lastKnownFileType = sourcecode.swift; path = Article.swift; sourceTree = "<group>"; };
		63462CDB2C0B975500F411DA /* ArticlesJSON.swift */ = {isa = PBXFileReference; lastKnownFileType = sourcecode.swift; path = ArticlesJSON.swift; sourceTree = "<group>"; };
		63462CDD2C0C3D2E00F411DA /* ArticleDetailView.swift */ = {isa = PBXFileReference; lastKnownFileType = sourcecode.swift; path = ArticleDetailView.swift; sourceTree = "<group>"; };
		63462CE32C0C748800F411DA /* Color+extension.swift */ = {isa = PBXFileReference; lastKnownFileType = sourcecode.swift; path = "Color+extension.swift"; sourceTree = "<group>"; };
/* End PBXFileReference section */

/* Begin PBXFrameworksBuildPhase section */
		63462C9E2C08C20300F411DA /* Frameworks */ = {
			isa = PBXFrameworksBuildPhase;
			buildActionMask = 2147483647;
			files = (
			);
			runOnlyForDeploymentPostprocessing = 0;
		};
/* End PBXFrameworksBuildPhase section */

/* Begin PBXGroup section */
		63462C982C08C20300F411DA = {
			isa = PBXGroup;
			children = (
				63462CA32C08C20300F411DA /* News */,
				63462CA22C08C20300F411DA /* Products */,
			);
			sourceTree = "<group>";
		};
		63462CA22C08C20300F411DA /* Products */ = {
			isa = PBXGroup;
			children = (
				63462CA12C08C20300F411DA /* News.app */,
			);
			name = Products;
			sourceTree = "<group>";
		};
		63462CA32C08C20300F411DA /* News */ = {
			isa = PBXGroup;
			children = (
				63462CA42C08C20300F411DA /* NewsApp.swift */,
				63462CA62C08C20300F411DA /* ContentView.swift */,
				63462CDA2C0B973000F411DA /* Database */,
				63462CB92C08D6A300F411DA /* Domain */,
				63462CB82C08D63A00F411DA /* Presentation */,
				63462CA82C08C20F00F411DA /* Assets.xcassets */,
				63462CAA2C08C20F00F411DA /* Preview Content */,
			);
			path = News;
			sourceTree = "<group>";
		};
		63462CAA2C08C20F00F411DA /* Preview Content */ = {
			isa = PBXGroup;
			children = (
				63462CAB2C08C20F00F411DA /* Preview Assets.xcassets */,
			);
			path = "Preview Content";
			sourceTree = "<group>";
		};
		63462CB82C08D63A00F411DA /* Presentation */ = {
			isa = PBXGroup;
			children = (
				63462CE22C0C747600F411DA /* Extensions */,
				63462CB22C08D40B00F411DA /* ArticleView.swift */,
				63462CDD2C0C3D2E00F411DA /* ArticleDetailView.swift */,
				63462CB42C08D42A00F411DA /* NewsListView.swift */,
				63462CB62C08D4A600F411DA /* ArticleItem.swift */,
			);
			path = Presentation;
			sourceTree = "<group>";
		};
		63462CB92C08D6A300F411DA /* Domain */ = {
			isa = PBXGroup;
			children = (
				63462CBA2C08D6B400F411DA /* NewsLoader.swift */,
				63462CD62C0B966800F411DA /* NewsListViewModel.swift */,
				63462CD82C0B971000F411DA /* Article.swift */,
			);
			path = Domain;
			sourceTree = "<group>";
		};
		63462CDA2C0B973000F411DA /* Database */ = {
			isa = PBXGroup;
			children = (
				63462CDB2C0B975500F411DA /* ArticlesJSON.swift */,
			);
			path = Database;
			sourceTree = "<group>";
		};
		63462CE22C0C747600F411DA /* Extensions */ = {
			isa = PBXGroup;
			children = (
				63462CE32C0C748800F411DA /* Color+extension.swift */,
			);
			path = Extensions;
			sourceTree = "<group>";
		};
/* End PBXGroup section */

/* Begin PBXNativeTarget section */
		63462CA02C08C20300F411DA /* News */ = {
			isa = PBXNativeTarget;
			buildConfigurationList = 63462CAF2C08C20F00F411DA /* Build configuration list for PBXNativeTarget "News" */;
			buildPhases = (
				63462C9D2C08C20300F411DA /* Sources */,
				63462C9E2C08C20300F411DA /* Frameworks */,
				63462C9F2C08C20300F411DA /* Resources */,
			);
			buildRules = (
			);
			dependencies = (
			);
			name = News;
			productName = News;
			productReference = 63462CA12C08C20300F411DA /* News.app */;
			productType = "com.apple.product-type.application";
		};
/* End PBXNativeTarget section */

/* Begin PBXProject section */
		63462C992C08C20300F411DA /* Project object */ = {
			isa = PBXProject;
			attributes = {
				BuildIndependentTargetsInParallel = 1;
				LastSwiftUpdateCheck = 1530;
				LastUpgradeCheck = 1530;
				TargetAttributes = {
					63462CA02C08C20300F411DA = {
						CreatedOnToolsVersion = 15.3;
					};
				};
			};
			buildConfigurationList = 63462C9C2C08C20300F411DA /* Build configuration list for PBXProject "News" */;
			compatibilityVersion = "Xcode 14.0";
			developmentRegion = en;
			hasScannedForEncodings = 0;
			knownRegions = (
				en,
				Base,
			);
			mainGroup = 63462C982C08C20300F411DA;
			productRefGroup = 63462CA22C08C20300F411DA /* Products */;
			projectDirPath = "";
			projectRoot = "";
			targets = (
				63462CA02C08C20300F411DA /* News */,
			);
		};
/* End PBXProject section */

/* Begin PBXResourcesBuildPhase section */
		63462C9F2C08C20300F411DA /* Resources */ = {
			isa = PBXResourcesBuildPhase;
			buildActionMask = 2147483647;
			files = (
				63462CAC2C08C20F00F411DA /* Preview Assets.xcassets in Resources */,
				63462CA92C08C20F00F411DA /* Assets.xcassets in Resources */,
			);
			runOnlyForDeploymentPostprocessing = 0;
		};
/* End PBXResourcesBuildPhase section */

/* Begin PBXSourcesBuildPhase section */
		63462C9D2C08C20300F411DA /* Sources */ = {
			isa = PBXSourcesBuildPhase;
			buildActionMask = 2147483647;
			files = (
				63462CD92C0B971000F411DA /* Article.swift in Sources */,
				63462CA72C08C20300F411DA /* ContentView.swift in Sources */,
				63462CD72C0B966800F411DA /* NewsListViewModel.swift in Sources */,
				63462CDE2C0C3D2E00F411DA /* ArticleDetailView.swift in Sources */,
				63462CB52C08D42A00F411DA /* NewsListView.swift in Sources */,
				63462CDC2C0B975500F411DA /* ArticlesJSON.swift in Sources */,
				63462CE42C0C748800F411DA /* Color+extension.swift in Sources */,
				63462CB32C08D40B00F411DA /* ArticleView.swift in Sources */,
				63462CBB2C08D6B400F411DA /* NewsLoader.swift in Sources */,
				63462CB72C08D4A600F411DA /* ArticleItem.swift in Sources */,
				63462CA52C08C20300F411DA /* NewsApp.swift in Sources */,
			);
			runOnlyForDeploymentPostprocessing = 0;
		};
/* End PBXSourcesBuildPhase section */

/* Begin XCBuildConfiguration section */
		63462CAD2C08C20F00F411DA /* Debug */ = {
			isa = XCBuildConfiguration;
			buildSettings = {
				ALWAYS_SEARCH_USER_PATHS = NO;
				ASSETCATALOG_COMPILER_GENERATE_SWIFT_ASSET_SYMBOL_EXTENSIONS = YES;
				CLANG_ANALYZER_NONNULL = YES;
				CLANG_ANALYZER_NUMBER_OBJECT_CONVERSION = YES_AGGRESSIVE;
				CLANG_CXX_LANGUAGE_STANDARD = "gnu++20";
				CLANG_ENABLE_MODULES = YES;
				CLANG_ENABLE_OBJC_ARC = YES;
				CLANG_ENABLE_OBJC_WEAK = YES;
				CLANG_WARN_BLOCK_CAPTURE_AUTORELEASING = YES;
				CLANG_WARN_BOOL_CONVERSION = YES;
				CLANG_WARN_COMMA = YES;
				CLANG_WARN_CONSTANT_CONVERSION = YES;
				CLANG_WARN_DEPRECATED_OBJC_IMPLEMENTATIONS = YES;
				CLANG_WARN_DIRECT_OBJC_ISA_USAGE = YES_ERROR;
				CLANG_WARN_DOCUMENTATION_COMMENTS = YES;
				CLANG_WARN_EMPTY_BODY = YES;
				CLANG_WARN_ENUM_CONVERSION = YES;
				CLANG_WARN_INFINITE_RECURSION = YES;
				CLANG_WARN_INT_CONVERSION = YES;
				CLANG_WARN_NON_LITERAL_NULL_CONVERSION = YES;
				CLANG_WARN_OBJC_IMPLICIT_RETAIN_SELF = YES;
				CLANG_WARN_OBJC_LITERAL_CONVERSION = YES;
				CLANG_WARN_OBJC_ROOT_CLASS = YES_ERROR;
				CLANG_WARN_QUOTED_INCLUDE_IN_FRAMEWORK_HEADER = YES;
				CLANG_WARN_RANGE_LOOP_ANALYSIS = YES;
				CLANG_WARN_STRICT_PROTOTYPES = YES;
				CLANG_WARN_SUSPICIOUS_MOVE = YES;
				CLANG_WARN_UNGUARDED_AVAILABILITY = YES_AGGRESSIVE;
				CLANG_WARN_UNREACHABLE_CODE = YES;
				CLANG_WARN__DUPLICATE_METHOD_MATCH = YES;
				COPY_PHASE_STRIP = NO;
				DEBUG_INFORMATION_FORMAT = dwarf;
				ENABLE_STRICT_OBJC_MSGSEND = YES;
				ENABLE_TESTABILITY = YES;
				ENABLE_USER_SCRIPT_SANDBOXING = YES;
				GCC_C_LANGUAGE_STANDARD = gnu17;
				GCC_DYNAMIC_NO_PIC = NO;
				GCC_NO_COMMON_BLOCKS = YES;
				GCC_OPTIMIZATION_LEVEL = 0;
				GCC_PREPROCESSOR_DEFINITIONS = (
					"DEBUG=1",
					"$(inherited)",
				);
				GCC_WARN_64_TO_32_BIT_CONVERSION = YES;
				GCC_WARN_ABOUT_RETURN_TYPE = YES_ERROR;
				GCC_WARN_UNDECLARED_SELECTOR = YES;
				GCC_WARN_UNINITIALIZED_AUTOS = YES_AGGRESSIVE;
				GCC_WARN_UNUSED_FUNCTION = YES;
				GCC_WARN_UNUSED_VARIABLE = YES;
				IPHONEOS_DEPLOYMENT_TARGET = 17.4;
				LOCALIZATION_PREFERS_STRING_CATALOGS = YES;
				MTL_ENABLE_DEBUG_INFO = INCLUDE_SOURCE;
				MTL_FAST_MATH = YES;
				ONLY_ACTIVE_ARCH = YES;
				SDKROOT = iphoneos;
				SWIFT_ACTIVE_COMPILATION_CONDITIONS = "DEBUG $(inherited)";
				SWIFT_OPTIMIZATION_LEVEL = "-Onone";
			};
			name = Debug;
		};
		63462CAE2C08C20F00F411DA /* Release */ = {
			isa = XCBuildConfiguration;
			buildSettings = {
				ALWAYS_SEARCH_USER_PATHS = NO;
				ASSETCATALOG_COMPILER_GENERATE_SWIFT_ASSET_SYMBOL_EXTENSIONS = YES;
				CLANG_ANALYZER_NONNULL = YES;
				CLANG_ANALYZER_NUMBER_OBJECT_CONVERSION = YES_AGGRESSIVE;
				CLANG_CXX_LANGUAGE_STANDARD = "gnu++20";
				CLANG_ENABLE_MODULES = YES;
				CLANG_ENABLE_OBJC_ARC = YES;
				CLANG_ENABLE_OBJC_WEAK = YES;
				CLANG_WARN_BLOCK_CAPTURE_AUTORELEASING = YES;
				CLANG_WARN_BOOL_CONVERSION = YES;
				CLANG_WARN_COMMA = YES;
				CLANG_WARN_CONSTANT_CONVERSION = YES;
				CLANG_WARN_DEPRECATED_OBJC_IMPLEMENTATIONS = YES;
				CLANG_WARN_DIRECT_OBJC_ISA_USAGE = YES_ERROR;
				CLANG_WARN_DOCUMENTATION_COMMENTS = YES;
				CLANG_WARN_EMPTY_BODY = YES;
				CLANG_WARN_ENUM_CONVERSION = YES;
				CLANG_WARN_INFINITE_RECURSION = YES;
				CLANG_WARN_INT_CONVERSION = YES;
				CLANG_WARN_NON_LITERAL_NULL_CONVERSION = YES;
				CLANG_WARN_OBJC_IMPLICIT_RETAIN_SELF = YES;
				CLANG_WARN_OBJC_LITERAL_CONVERSION = YES;
				CLANG_WARN_OBJC_ROOT_CLASS = YES_ERROR;
				CLANG_WARN_QUOTED_INCLUDE_IN_FRAMEWORK_HEADER = YES;
				CLANG_WARN_RANGE_LOOP_ANALYSIS = YES;
				CLANG_WARN_STRICT_PROTOTYPES = YES;
				CLANG_WARN_SUSPICIOUS_MOVE = YES;
				CLANG_WARN_UNGUARDED_AVAILABILITY = YES_AGGRESSIVE;
				CLANG_WARN_UNREACHABLE_CODE = YES;
				CLANG_WARN__DUPLICATE_METHOD_MATCH = YES;
				COPY_PHASE_STRIP = NO;
				DEBUG_INFORMATION_FORMAT = "dwarf-with-dsym";
				ENABLE_NS_ASSERTIONS = NO;
				ENABLE_STRICT_OBJC_MSGSEND = YES;
				ENABLE_USER_SCRIPT_SANDBOXING = YES;
				GCC_C_LANGUAGE_STANDARD = gnu17;
				GCC_NO_COMMON_BLOCKS = YES;
				GCC_WARN_64_TO_32_BIT_CONVERSION = YES;
				GCC_WARN_ABOUT_RETURN_TYPE = YES_ERROR;
				GCC_WARN_UNDECLARED_SELECTOR = YES;
				GCC_WARN_UNINITIALIZED_AUTOS = YES_AGGRESSIVE;
				GCC_WARN_UNUSED_FUNCTION = YES;
				GCC_WARN_UNUSED_VARIABLE = YES;
				IPHONEOS_DEPLOYMENT_TARGET = 17.4;
				LOCALIZATION_PREFERS_STRING_CATALOGS = YES;
				MTL_ENABLE_DEBUG_INFO = NO;
				MTL_FAST_MATH = YES;
				SDKROOT = iphoneos;
				SWIFT_COMPILATION_MODE = wholemodule;
				VALIDATE_PRODUCT = YES;
			};
			name = Release;
		};
		63462CB02C08C20F00F411DA /* Debug */ = {
			isa = XCBuildConfiguration;
			buildSettings = {
				ASSETCATALOG_COMPILER_APPICON_NAME = AppIcon;
				ASSETCATALOG_COMPILER_GLOBAL_ACCENT_COLOR_NAME = AccentColor;
				CODE_SIGN_STYLE = Automatic;
				CURRENT_PROJECT_VERSION = 1;
				DEVELOPMENT_ASSET_PATHS = "\"News/Preview Content\"";
				ENABLE_PREVIEWS = YES;
				GENERATE_INFOPLIST_FILE = YES;
				INFOPLIST_KEY_UIApplicationSceneManifest_Generation = YES;
				INFOPLIST_KEY_UIApplicationSupportsIndirectInputEvents = YES;
				INFOPLIST_KEY_UILaunchScreen_Generation = YES;
				INFOPLIST_KEY_UISupportedInterfaceOrientations_iPad = "UIInterfaceOrientationPortrait UIInterfaceOrientationPortraitUpsideDown UIInterfaceOrientationLandscapeLeft UIInterfaceOrientationLandscapeRight";
				INFOPLIST_KEY_UISupportedInterfaceOrientations_iPhone = "UIInterfaceOrientationPortrait UIInterfaceOrientationLandscapeLeft UIInterfaceOrientationLandscapeRight";
				LD_RUNPATH_SEARCH_PATHS = (
					"$(inherited)",
					"@executable_path/Frameworks",
				);
				MARKETING_VERSION = 1.0;
				PRODUCT_BUNDLE_IDENTIFIER = com.sample.News;
				PRODUCT_NAME = "$(TARGET_NAME)";
				SWIFT_EMIT_LOC_STRINGS = YES;
				SWIFT_VERSION = 5.0;
				TARGETED_DEVICE_FAMILY = "1,2";
			};
			name = Debug;
		};
		63462CB12C08C20F00F411DA /* Release */ = {
			isa = XCBuildConfiguration;
			buildSettings = {
				ASSETCATALOG_COMPILER_APPICON_NAME = AppIcon;
				ASSETCATALOG_COMPILER_GLOBAL_ACCENT_COLOR_NAME = AccentColor;
				CODE_SIGN_STYLE = Automatic;
				CURRENT_PROJECT_VERSION = 1;
				DEVELOPMENT_ASSET_PATHS = "\"News/Preview Content\"";
				ENABLE_PREVIEWS = YES;
				GENERATE_INFOPLIST_FILE = YES;
				INFOPLIST_KEY_UIApplicationSceneManifest_Generation = YES;
				INFOPLIST_KEY_UIApplicationSupportsIndirectInputEvents = YES;
				INFOPLIST_KEY_UILaunchScreen_Generation = YES;
				INFOPLIST_KEY_UISupportedInterfaceOrientations_iPad = "UIInterfaceOrientationPortrait UIInterfaceOrientationPortraitUpsideDown UIInterfaceOrientationLandscapeLeft UIInterfaceOrientationLandscapeRight";
				INFOPLIST_KEY_UISupportedInterfaceOrientations_iPhone = "UIInterfaceOrientationPortrait UIInterfaceOrientationLandscapeLeft UIInterfaceOrientationLandscapeRight";
				LD_RUNPATH_SEARCH_PATHS = (
					"$(inherited)",
					"@executable_path/Frameworks",
				);
				MARKETING_VERSION = 1.0;
				PRODUCT_BUNDLE_IDENTIFIER = com.sample.News;
				PRODUCT_NAME = "$(TARGET_NAME)";
				SWIFT_EMIT_LOC_STRINGS = YES;
				SWIFT_VERSION = 5.0;
				TARGETED_DEVICE_FAMILY = "1,2";
			};
			name = Release;
		};
/* End XCBuildConfiguration section */

/* Begin XCConfigurationList section */
		63462C9C2C08C20300F411DA /* Build configuration list for PBXProject "News" */ = {
			isa = XCConfigurationList;
			buildConfigurations = (
				63462CAD2C08C20F00F411DA /* Debug */,
				63462CAE2C08C20F00F411DA /* Release */,
			);
			defaultConfigurationIsVisible = 0;
			defaultConfigurationName = Release;
		};
		63462CAF2C08C20F00F411DA /* Build configuration list for PBXNativeTarget "News" */ = {
			isa = XCConfigurationList;
			buildConfigurations = (
				63462CB02C08C20F00F411DA /* Debug */,
				63462CB12C08C20F00F411DA /* Release */,
			);
			defaultConfigurationIsVisible = 0;
			defaultConfigurationName = Release;
		};
/* End XCConfigurationList section */
	};
	rootObject = 63462C992C08C20300F411DA /* Project object */;
}
