// !$*UTF8*$!
{
	archiveVersion = 1;
	classes = {
	};
	objectVersion = 56;
	objects = {

/* Begin PBXBuildFile section */
		6325EB372C2493B700C86F9C /* ArticleView.swift in Sources */ = {isa = PBXBuildFile; fileRef = 6325EB362C2493B700C86F9C /* ArticleView.swift */; };
		6325EB392C2495C100C86F9C /* Article.swift in Sources */ = {isa = PBXBuildFile; fileRef = 6325EB382C2495C100C86F9C /* Article.swift */; };
		6325EB3C2C259D2400C86F9C /* Color.xcassets in Resources */ = {isa = PBXBuildFile; fileRef = 6325EB3B2C259D2400C86F9C /* Color.xcassets */; };
		6325EB3E2C259D9500C86F9C /* Color-Extension.swift in Sources */ = {isa = PBXBuildFile; fileRef = 6325EB3D2C259D9500C86F9C /* Color-Extension.swift */; };
		6325EB412C259EAD00C86F9C /* Font-Extension.swift in Sources */ = {isa = PBXBuildFile; fileRef = 6325EB402C259EAD00C86F9C /* Font-Extension.swift */; };
		6325EB432C25A58300C86F9C /* ArticleDetailView.swift in Sources */ = {isa = PBXBuildFile; fileRef = 6325EB422C25A58300C86F9C /* ArticleDetailView.swift */; };
		6325EB452C25C7F100C86F9C /* ArticleListView.swift in Sources */ = {isa = PBXBuildFile; fileRef = 6325EB442C25C7F100C86F9C /* ArticleListView.swift */; };
		6351DC602C234AD000266A83 /* UIColor-Extension.swift in Sources */ = {isa = PBXBuildFile; fileRef = 6351DC5F2C234AD000266A83 /* UIColor-Extension.swift */; };
		6351DC632C234B0300266A83 /* Color.xcassets in Resources */ = {isa = PBXBuildFile; fileRef = 6351DC622C234B0300266A83 /* Color.xcassets */; };
		6351DC652C234C6C00266A83 /* UIFont-Extension.swift in Sources */ = {isa = PBXBuildFile; fileRef = 6351DC642C234C6C00266A83 /* UIFont-Extension.swift */; };
		6351DC672C245F9600266A83 /* ArticleDetailViewController.swift in Sources */ = {isa = PBXBuildFile; fileRef = 6351DC662C245F9600266A83 /* ArticleDetailViewController.swift */; };
		6351DC692C24633D00266A83 /* Article.swift in Sources */ = {isa = PBXBuildFile; fileRef = 6351DC682C24633D00266A83 /* Article.swift */; };
		6363B3BD2C23255B00A12147 /* NewsApp.swift in Sources */ = {isa = PBXBuildFile; fileRef = 6363B3BC2C23255B00A12147 /* NewsApp.swift */; };
		6363B3C12C23255C00A12147 /* Assets.xcassets in Resources */ = {isa = PBXBuildFile; fileRef = 6363B3C02C23255C00A12147 /* Assets.xcassets */; };
		6363B3C42C23255C00A12147 /* Preview Assets.xcassets in Resources */ = {isa = PBXBuildFile; fileRef = 6363B3C32C23255C00A12147 /* Preview Assets.xcassets */; };
		6363B3D12C23277A00A12147 /* AppDelegate.swift in Sources */ = {isa = PBXBuildFile; fileRef = 6363B3D02C23277A00A12147 /* AppDelegate.swift */; };
		6363B3D32C23277A00A12147 /* SceneDelegate.swift in Sources */ = {isa = PBXBuildFile; fileRef = 6363B3D22C23277A00A12147 /* SceneDelegate.swift */; };
		6363B3D52C23277A00A12147 /* ArticlesViewController.swift in Sources */ = {isa = PBXBuildFile; fileRef = 6363B3D42C23277A00A12147 /* ArticlesViewController.swift */; };
		6363B3D82C23277A00A12147 /* Base in Resources */ = {isa = PBXBuildFile; fileRef = 6363B3D72C23277A00A12147 /* Base */; };
		6363B3DA2C23277C00A12147 /* Assets.xcassets in Resources */ = {isa = PBXBuildFile; fileRef = 6363B3D92C23277C00A12147 /* Assets.xcassets */; };
		6363B3DD2C23277C00A12147 /* Base in Resources */ = {isa = PBXBuildFile; fileRef = 6363B3DC2C23277C00A12147 /* Base */; };
		6363B3E32C2329CC00A12147 /* ArticleCell.swift in Sources */ = {isa = PBXBuildFile; fileRef = 6363B3E22C2329CB00A12147 /* ArticleCell.swift */; };
/* End PBXBuildFile section */

/* Begin PBXFileReference section */
		6325EB362C2493B700C86F9C /* ArticleView.swift */ = {isa = PBXFileReference; lastKnownFileType = sourcecode.swift; path = ArticleView.swift; sourceTree = "<group>"; };
		6325EB382C2495C100C86F9C /* Article.swift */ = {isa = PBXFileReference; lastKnownFileType = sourcecode.swift; path = Article.swift; sourceTree = "<group>"; };
		6325EB3B2C259D2400C86F9C /* Color.xcassets */ = {isa = PBXFileReference; lastKnownFileType = folder.assetcatalog; path = Color.xcassets; sourceTree = "<group>"; };
		6325EB3D2C259D9500C86F9C /* Color-Extension.swift */ = {isa = PBXFileReference; lastKnownFileType = sourcecode.swift; path = "Color-Extension.swift"; sourceTree = "<group>"; };
		6325EB402C259EAD00C86F9C /* Font-Extension.swift */ = {isa = PBXFileReference; lastKnownFileType = sourcecode.swift; path = "Font-Extension.swift"; sourceTree = "<group>"; };
		6325EB422C25A58300C86F9C /* ArticleDetailView.swift */ = {isa = PBXFileReference; lastKnownFileType = sourcecode.swift; path = ArticleDetailView.swift; sourceTree = "<group>"; };
		6325EB442C25C7F100C86F9C /* ArticleListView.swift */ = {isa = PBXFileReference; lastKnownFileType = sourcecode.swift; path = ArticleListView.swift; sourceTree = "<group>"; };
		6351DC5F2C234AD000266A83 /* UIColor-Extension.swift */ = {isa = PBXFileReference; lastKnownFileType = sourcecode.swift; path = "UIColor-Extension.swift"; sourceTree = "<group>"; };
		6351DC622C234B0300266A83 /* Color.xcassets */ = {isa = PBXFileReference; lastKnownFileType = folder.assetcatalog; path = Color.xcassets; sourceTree = "<group>"; };
		6351DC642C234C6C00266A83 /* UIFont-Extension.swift */ = {isa = PBXFileReference; lastKnownFileType = sourcecode.swift; path = "UIFont-Extension.swift"; sourceTree = "<group>"; };
		6351DC662C245F9600266A83 /* ArticleDetailViewController.swift */ = {isa = PBXFileReference; lastKnownFileType = sourcecode.swift; path = ArticleDetailViewController.swift; sourceTree = "<group>"; };
		6351DC682C24633D00266A83 /* Article.swift */ = {isa = PBXFileReference; lastKnownFileType = sourcecode.swift; path = Article.swift; sourceTree = "<group>"; };
		6363B3B92C23255B00A12147 /* News.app */ = {isa = PBXFileReference; explicitFileType = wrapper.application; includeInIndex = 0; path = News.app; sourceTree = BUILT_PRODUCTS_DIR; };
		6363B3BC2C23255B00A12147 /* NewsApp.swift */ = {isa = PBXFileReference; lastKnownFileType = sourcecode.swift; path = NewsApp.swift; sourceTree = "<group>"; };
		6363B3C02C23255C00A12147 /* Assets.xcassets */ = {isa = PBXFileReference; lastKnownFileType = folder.assetcatalog; path = Assets.xcassets; sourceTree = "<group>"; };
		6363B3C32C23255C00A12147 /* Preview Assets.xcassets */ = {isa = PBXFileReference; lastKnownFileType = folder.assetcatalog; path = "Preview Assets.xcassets"; sourceTree = "<group>"; };
		6363B3CE2C23277A00A12147 /* News_Uikit.app */ = {isa = PBXFileReference; explicitFileType = wrapper.application; includeInIndex = 0; path = News_Uikit.app; sourceTree = BUILT_PRODUCTS_DIR; };
		6363B3D02C23277A00A12147 /* AppDelegate.swift */ = {isa = PBXFileReference; lastKnownFileType = sourcecode.swift; path = AppDelegate.swift; sourceTree = "<group>"; };
		6363B3D22C23277A00A12147 /* SceneDelegate.swift */ = {isa = PBXFileReference; lastKnownFileType = sourcecode.swift; path = SceneDelegate.swift; sourceTree = "<group>"; };
		6363B3D42C23277A00A12147 /* ArticlesViewController.swift */ = {isa = PBXFileReference; lastKnownFileType = sourcecode.swift; path = ArticlesViewController.swift; sourceTree = "<group>"; };
		6363B3D72C23277A00A12147 /* Base */ = {isa = PBXFileReference; lastKnownFileType = file.storyboard; name = Base; path = Base.lproj/Main.storyboard; sourceTree = "<group>"; };
		6363B3D92C23277C00A12147 /* Assets.xcassets */ = {isa = PBXFileReference; lastKnownFileType = folder.assetcatalog; path = Assets.xcassets; sourceTree = "<group>"; };
		6363B3DC2C23277C00A12147 /* Base */ = {isa = PBXFileReference; lastKnownFileType = file.storyboard; name = Base; path = Base.lproj/LaunchScreen.storyboard; sourceTree = "<group>"; };
		6363B3DE2C23277C00A12147 /* Info.plist */ = {isa = PBXFileReference; lastKnownFileType = text.plist.xml; path = Info.plist; sourceTree = "<group>"; };
		6363B3E22C2329CB00A12147 /* ArticleCell.swift */ = {isa = PBXFileReference; lastKnownFileType = sourcecode.swift; path = ArticleCell.swift; sourceTree = "<group>"; };
/* End PBXFileReference section */

/* Begin PBXFrameworksBuildPhase section */
		6363B3B62C23255B00A12147 /* Frameworks */ = {
			isa = PBXFrameworksBuildPhase;
			buildActionMask = 2147483647;
			files = (
			);
			runOnlyForDeploymentPostprocessing = 0;
		};
		6363B3CB2C23277A00A12147 /* Frameworks */ = {
			isa = PBXFrameworksBuildPhase;
			buildActionMask = 2147483647;
			files = (
			);
			runOnlyForDeploymentPostprocessing = 0;
		};
/* End PBXFrameworksBuildPhase section */

/* Begin PBXGroup section */
		6325EB3A2C259CFF00C86F9C /* Resources */ = {
			isa = PBXGroup;
			children = (
				6325EB3B2C259D2400C86F9C /* Color.xcassets */,
			);
			path = Resources;
			sourceTree = "<group>";
		};
		6325EB3F2C259E8D00C86F9C /* Extensions */ = {
			isa = PBXGroup;
			children = (
				6325EB3D2C259D9500C86F9C /* Color-Extension.swift */,
				6325EB402C259EAD00C86F9C /* Font-Extension.swift */,
			);
			path = Extensions;
			sourceTree = "<group>";
		};
		6351DC5E2C234AA800266A83 /* Extensions */ = {
			isa = PBXGroup;
			children = (
				6351DC5F2C234AD000266A83 /* UIColor-Extension.swift */,
				6351DC642C234C6C00266A83 /* UIFont-Extension.swift */,
			);
			path = Extensions;
			sourceTree = "<group>";
		};
		6351DC612C234AED00266A83 /* Resources */ = {
			isa = PBXGroup;
			children = (
				6351DC622C234B0300266A83 /* Color.xcassets */,
			);
			path = Resources;
			sourceTree = "<group>";
		};
		6363B3B02C23255B00A12147 = {
			isa = PBXGroup;
			children = (
				6363B3BB2C23255B00A12147 /* News */,
				6363B3CF2C23277A00A12147 /* News_Uikit */,
				6363B3BA2C23255B00A12147 /* Products */,
			);
			sourceTree = "<group>";
		};
		6363B3BA2C23255B00A12147 /* Products */ = {
			isa = PBXGroup;
			children = (
				6363B3B92C23255B00A12147 /* News.app */,
				6363B3CE2C23277A00A12147 /* News_Uikit.app */,
			);
			name = Products;
			sourceTree = "<group>";
		};
		6363B3BB2C23255B00A12147 /* News */ = {
			isa = PBXGroup;
			children = (
				6363B3BC2C23255B00A12147 /* NewsApp.swift */,
				6325EB3F2C259E8D00C86F9C /* Extensions */,
				6325EB3A2C259CFF00C86F9C /* Resources */,
				6325EB382C2495C100C86F9C /* Article.swift */,
				6325EB362C2493B700C86F9C /* ArticleView.swift */,
				6325EB442C25C7F100C86F9C /* ArticleListView.swift */,
				6325EB422C25A58300C86F9C /* ArticleDetailView.swift */,
				6363B3C02C23255C00A12147 /* Assets.xcassets */,
				6363B3C22C23255C00A12147 /* Preview Content */,
			);
			path = News;
			sourceTree = "<group>";
		};
		6363B3C22C23255C00A12147 /* Preview Content */ = {
			isa = PBXGroup;
			children = (
				6363B3C32C23255C00A12147 /* Preview Assets.xcassets */,
			);
			path = "Preview Content";
			sourceTree = "<group>";
		};
		6363B3CF2C23277A00A12147 /* News_Uikit */ = {
			isa = PBXGroup;
			children = (
				6351DC612C234AED00266A83 /* Resources */,
				6351DC5E2C234AA800266A83 /* Extensions */,
				6363B3D02C23277A00A12147 /* AppDelegate.swift */,
				6363B3D22C23277A00A12147 /* SceneDelegate.swift */,
				6363B3D42C23277A00A12147 /* ArticlesViewController.swift */,
				6351DC682C24633D00266A83 /* Article.swift */,
				6351DC662C245F9600266A83 /* ArticleDetailViewController.swift */,
				6363B3E22C2329CB00A12147 /* ArticleCell.swift */,
				6363B3D62C23277A00A12147 /* Main.storyboard */,
				6363B3D92C23277C00A12147 /* Assets.xcassets */,
				6363B3DB2C23277C00A12147 /* LaunchScreen.storyboard */,
				6363B3DE2C23277C00A12147 /* Info.plist */,
			);
			path = News_Uikit;
			sourceTree = "<group>";
		};
/* End PBXGroup section */

/* Begin PBXNativeTarget section */
		6363B3B82C23255B00A12147 /* News */ = {
			isa = PBXNativeTarget;
			buildConfigurationList = 6363B3C72C23255C00A12147 /* Build configuration list for PBXNativeTarget "News" */;
			buildPhases = (
				6363B3B52C23255B00A12147 /* Sources */,
				6363B3B62C23255B00A12147 /* Frameworks */,
				6363B3B72C23255B00A12147 /* Resources */,
			);
			buildRules = (
			);
			dependencies = (
			);
			name = News;
			productName = News;
			productReference = 6363B3B92C23255B00A12147 /* News.app */;
			productType = "com.apple.product-type.application";
		};
		6363B3CD2C23277A00A12147 /* News_Uikit */ = {
			isa = PBXNativeTarget;
			buildConfigurationList = 6363B3DF2C23277C00A12147 /* Build configuration list for PBXNativeTarget "News_Uikit" */;
			buildPhases = (
				6363B3CA2C23277A00A12147 /* Sources */,
				6363B3CB2C23277A00A12147 /* Frameworks */,
				6363B3CC2C23277A00A12147 /* Resources */,
			);
			buildRules = (
			);
			dependencies = (
			);
			name = News_Uikit;
			productName = News_Uikit;
			productReference = 6363B3CE2C23277A00A12147 /* News_Uikit.app */;
			productType = "com.apple.product-type.application";
		};
/* End PBXNativeTarget section */

/* Begin PBXProject section */
		6363B3B12C23255B00A12147 /* Project object */ = {
			isa = PBXProject;
			attributes = {
				BuildIndependentTargetsInParallel = 1;
				LastSwiftUpdateCheck = 1530;
				LastUpgradeCheck = 1530;
				TargetAttributes = {
					6363B3B82C23255B00A12147 = {
						CreatedOnToolsVersion = 15.3;
					};
					6363B3CD2C23277A00A12147 = {
						CreatedOnToolsVersion = 15.3;
					};
				};
			};
			buildConfigurationList = 6363B3B42C23255B00A12147 /* Build configuration list for PBXProject "News" */;
			compatibilityVersion = "Xcode 14.0";
			developmentRegion = en;
			hasScannedForEncodings = 0;
			knownRegions = (
				en,
				Base,
			);
			mainGroup = 6363B3B02C23255B00A12147;
			productRefGroup = 6363B3BA2C23255B00A12147 /* Products */;
			projectDirPath = "";
			projectRoot = "";
			targets = (
				6363B3B82C23255B00A12147 /* News */,
				6363B3CD2C23277A00A12147 /* News_Uikit */,
			);
		};
/* End PBXProject section */

/* Begin PBXResourcesBuildPhase section */
		6363B3B72C23255B00A12147 /* Resources */ = {
			isa = PBXResourcesBuildPhase;
			buildActionMask = 2147483647;
			files = (
				6363B3C42C23255C00A12147 /* Preview Assets.xcassets in Resources */,
				6363B3C12C23255C00A12147 /* Assets.xcassets in Resources */,
				6325EB3C2C259D2400C86F9C /* Color.xcassets in Resources */,
			);
			runOnlyForDeploymentPostprocessing = 0;
		};
		6363B3CC2C23277A00A12147 /* Resources */ = {
			isa = PBXResourcesBuildPhase;
			buildActionMask = 2147483647;
			files = (
				6363B3DA2C23277C00A12147 /* Assets.xcassets in Resources */,
				6351DC632C234B0300266A83 /* Color.xcassets in Resources */,
				6363B3DD2C23277C00A12147 /* Base in Resources */,
				6363B3D82C23277A00A12147 /* Base in Resources */,
			);
			runOnlyForDeploymentPostprocessing = 0;
		};
/* End PBXResourcesBuildPhase section */

/* Begin PBXSourcesBuildPhase section */
		6363B3B52C23255B00A12147 /* Sources */ = {
			isa = PBXSourcesBuildPhase;
			buildActionMask = 2147483647;
			files = (
				6325EB392C2495C100C86F9C /* Article.swift in Sources */,
				6363B3BD2C23255B00A12147 /* NewsApp.swift in Sources */,
				6325EB452C25C7F100C86F9C /* ArticleListView.swift in Sources */,
				6325EB3E2C259D9500C86F9C /* Color-Extension.swift in Sources */,
				6325EB432C25A58300C86F9C /* ArticleDetailView.swift in Sources */,
				6325EB412C259EAD00C86F9C /* Font-Extension.swift in Sources */,
				6325EB372C2493B700C86F9C /* ArticleView.swift in Sources */,
			);
			runOnlyForDeploymentPostprocessing = 0;
		};
		6363B3CA2C23277A00A12147 /* Sources */ = {
			isa = PBXSourcesBuildPhase;
			buildActionMask = 2147483647;
			files = (
				6363B3D52C23277A00A12147 /* ArticlesViewController.swift in Sources */,
				6351DC602C234AD000266A83 /* UIColor-Extension.swift in Sources */,
				6363B3D12C23277A00A12147 /* AppDelegate.swift in Sources */,
				6363B3E32C2329CC00A12147 /* ArticleCell.swift in Sources */,
				6351DC672C245F9600266A83 /* ArticleDetailViewController.swift in Sources */,
				6351DC692C24633D00266A83 /* Article.swift in Sources */,
				6351DC652C234C6C00266A83 /* UIFont-Extension.swift in Sources */,
				6363B3D32C23277A00A12147 /* SceneDelegate.swift in Sources */,
			);
			runOnlyForDeploymentPostprocessing = 0;
		};
/* End PBXSourcesBuildPhase section */

/* Begin PBXVariantGroup section */
		6363B3D62C23277A00A12147 /* Main.storyboard */ = {
			isa = PBXVariantGroup;
			children = (
				6363B3D72C23277A00A12147 /* Base */,
			);
			name = Main.storyboard;
			sourceTree = "<group>";
		};
		6363B3DB2C23277C00A12147 /* LaunchScreen.storyboard */ = {
			isa = PBXVariantGroup;
			children = (
				6363B3DC2C23277C00A12147 /* Base */,
			);
			name = LaunchScreen.storyboard;
			sourceTree = "<group>";
		};
/* End PBXVariantGroup section */

/* Begin XCBuildConfiguration section */
		6363B3C52C23255C00A12147 /* Debug */ = {
			isa = XCBuildConfiguration;
			buildSettings = {
				ALWAYS_SEARCH_USER_PATHS = NO;
				ASSETCATALOG_COMPILER_GENERATE_SWIFT_ASSET_SYMBOL_EXTENSIONS = YES;
				CLANG_ANALYZER_NONNULL = YES;
				CLANG_ANALYZER_NUMBER_OBJECT_CONVERSION = YES_AGGRESSIVE;
				CLANG_CXX_LANGUAGE_STANDARD = "gnu++20";
				CLANG_ENABLE_MODULES = YES;
				CLANG_ENABLE_OBJC_ARC = YES;
				CLANG_ENABLE_OBJC_WEAK = YES;
				CLANG_WARN_BLOCK_CAPTURE_AUTORELEASING = YES;
				CLANG_WARN_BOOL_CONVERSION = YES;
				CLANG_WARN_COMMA = YES;
				CLANG_WARN_CONSTANT_CONVERSION = YES;
				CLANG_WARN_DEPRECATED_OBJC_IMPLEMENTATIONS = YES;
				CLANG_WARN_DIRECT_OBJC_ISA_USAGE = YES_ERROR;
				CLANG_WARN_DOCUMENTATION_COMMENTS = YES;
				CLANG_WARN_EMPTY_BODY = YES;
				CLANG_WARN_ENUM_CONVERSION = YES;
				CLANG_WARN_INFINITE_RECURSION = YES;
				CLANG_WARN_INT_CONVERSION = YES;
				CLANG_WARN_NON_LITERAL_NULL_CONVERSION = YES;
				CLANG_WARN_OBJC_IMPLICIT_RETAIN_SELF = YES;
				CLANG_WARN_OBJC_LITERAL_CONVERSION = YES;
				CLANG_WARN_OBJC_ROOT_CLASS = YES_ERROR;
				CLANG_WARN_QUOTED_INCLUDE_IN_FRAMEWORK_HEADER = YES;
				CLANG_WARN_RANGE_LOOP_ANALYSIS = YES;
				CLANG_WARN_STRICT_PROTOTYPES = YES;
				CLANG_WARN_SUSPICIOUS_MOVE = YES;
				CLANG_WARN_UNGUARDED_AVAILABILITY = YES_AGGRESSIVE;
				CLANG_WARN_UNREACHABLE_CODE = YES;
				CLANG_WARN__DUPLICATE_METHOD_MATCH = YES;
				COPY_PHASE_STRIP = NO;
				DEBUG_INFORMATION_FORMAT = dwarf;
				ENABLE_STRICT_OBJC_MSGSEND = YES;
				ENABLE_TESTABILITY = YES;
				ENABLE_USER_SCRIPT_SANDBOXING = YES;
				GCC_C_LANGUAGE_STANDARD = gnu17;
				GCC_DYNAMIC_NO_PIC = NO;
				GCC_NO_COMMON_BLOCKS = YES;
				GCC_OPTIMIZATION_LEVEL = 0;
				GCC_PREPROCESSOR_DEFINITIONS = (
					"DEBUG=1",
					"$(inherited)",
				);
				GCC_WARN_64_TO_32_BIT_CONVERSION = YES;
				GCC_WARN_ABOUT_RETURN_TYPE = YES_ERROR;
				GCC_WARN_UNDECLARED_SELECTOR = YES;
				GCC_WARN_UNINITIALIZED_AUTOS = YES_AGGRESSIVE;
				GCC_WARN_UNUSED_FUNCTION = YES;
				GCC_WARN_UNUSED_VARIABLE = YES;
				IPHONEOS_DEPLOYMENT_TARGET = 17.4;
				LOCALIZATION_PREFERS_STRING_CATALOGS = YES;
				MTL_ENABLE_DEBUG_INFO = INCLUDE_SOURCE;
				MTL_FAST_MATH = YES;
				ONLY_ACTIVE_ARCH = YES;
				SDKROOT = iphoneos;
				SWIFT_ACTIVE_COMPILATION_CONDITIONS = "DEBUG $(inherited)";
				SWIFT_OPTIMIZATION_LEVEL = "-Onone";
			};
			name = Debug;
		};
		6363B3C62C23255C00A12147 /* Release */ = {
			isa = XCBuildConfiguration;
			buildSettings = {
				ALWAYS_SEARCH_USER_PATHS = NO;
				ASSETCATALOG_COMPILER_GENERATE_SWIFT_ASSET_SYMBOL_EXTENSIONS = YES;
				CLANG_ANALYZER_NONNULL = YES;
				CLANG_ANALYZER_NUMBER_OBJECT_CONVERSION = YES_AGGRESSIVE;
				CLANG_CXX_LANGUAGE_STANDARD = "gnu++20";
				CLANG_ENABLE_MODULES = YES;
				CLANG_ENABLE_OBJC_ARC = YES;
				CLANG_ENABLE_OBJC_WEAK = YES;
				CLANG_WARN_BLOCK_CAPTURE_AUTORELEASING = YES;
				CLANG_WARN_BOOL_CONVERSION = YES;
				CLANG_WARN_COMMA = YES;
				CLANG_WARN_CONSTANT_CONVERSION = YES;
				CLANG_WARN_DEPRECATED_OBJC_IMPLEMENTATIONS = YES;
				CLANG_WARN_DIRECT_OBJC_ISA_USAGE = YES_ERROR;
				CLANG_WARN_DOCUMENTATION_COMMENTS = YES;
				CLANG_WARN_EMPTY_BODY = YES;
				CLANG_WARN_ENUM_CONVERSION = YES;
				CLANG_WARN_INFINITE_RECURSION = YES;
				CLANG_WARN_INT_CONVERSION = YES;
				CLANG_WARN_NON_LITERAL_NULL_CONVERSION = YES;
				CLANG_WARN_OBJC_IMPLICIT_RETAIN_SELF = YES;
				CLANG_WARN_OBJC_LITERAL_CONVERSION = YES;
				CLANG_WARN_OBJC_ROOT_CLASS = YES_ERROR;
				CLANG_WARN_QUOTED_INCLUDE_IN_FRAMEWORK_HEADER = YES;
				CLANG_WARN_RANGE_LOOP_ANALYSIS = YES;
				CLANG_WARN_STRICT_PROTOTYPES = YES;
				CLANG_WARN_SUSPICIOUS_MOVE = YES;
				CLANG_WARN_UNGUARDED_AVAILABILITY = YES_AGGRESSIVE;
				CLANG_WARN_UNREACHABLE_CODE = YES;
				CLANG_WARN__DUPLICATE_METHOD_MATCH = YES;
				COPY_PHASE_STRIP = NO;
				DEBUG_INFORMATION_FORMAT = "dwarf-with-dsym";
				ENABLE_NS_ASSERTIONS = NO;
				ENABLE_STRICT_OBJC_MSGSEND = YES;
				ENABLE_USER_SCRIPT_SANDBOXING = YES;
				GCC_C_LANGUAGE_STANDARD = gnu17;
				GCC_NO_COMMON_BLOCKS = YES;
				GCC_WARN_64_TO_32_BIT_CONVERSION = YES;
				GCC_WARN_ABOUT_RETURN_TYPE = YES_ERROR;
				GCC_WARN_UNDECLARED_SELECTOR = YES;
				GCC_WARN_UNINITIALIZED_AUTOS = YES_AGGRESSIVE;
				GCC_WARN_UNUSED_FUNCTION = YES;
				GCC_WARN_UNUSED_VARIABLE = YES;
				IPHONEOS_DEPLOYMENT_TARGET = 17.4;
				LOCALIZATION_PREFERS_STRING_CATALOGS = YES;
				MTL_ENABLE_DEBUG_INFO = NO;
				MTL_FAST_MATH = YES;
				SDKROOT = iphoneos;
				SWIFT_COMPILATION_MODE = wholemodule;
				VALIDATE_PRODUCT = YES;
			};
			name = Release;
		};
		6363B3C82C23255C00A12147 /* Debug */ = {
			isa = XCBuildConfiguration;
			buildSettings = {
				ASSETCATALOG_COMPILER_APPICON_NAME = AppIcon;
				ASSETCATALOG_COMPILER_GLOBAL_ACCENT_COLOR_NAME = AccentColor;
				CODE_SIGN_STYLE = Automatic;
				CURRENT_PROJECT_VERSION = 1;
				DEVELOPMENT_ASSET_PATHS = "\"News/Preview Content\"";
				ENABLE_PREVIEWS = YES;
				GENERATE_INFOPLIST_FILE = YES;
				INFOPLIST_KEY_UIApplicationSceneManifest_Generation = YES;
				INFOPLIST_KEY_UIApplicationSupportsIndirectInputEvents = YES;
				INFOPLIST_KEY_UILaunchScreen_Generation = YES;
				INFOPLIST_KEY_UISupportedInterfaceOrientations_iPad = "UIInterfaceOrientationPortrait UIInterfaceOrientationPortraitUpsideDown UIInterfaceOrientationLandscapeLeft UIInterfaceOrientationLandscapeRight";
				INFOPLIST_KEY_UISupportedInterfaceOrientations_iPhone = "UIInterfaceOrientationPortrait UIInterfaceOrientationLandscapeLeft UIInterfaceOrientationLandscapeRight";
				LD_RUNPATH_SEARCH_PATHS = (
					"$(inherited)",
					"@executable_path/Frameworks",
				);
				MARKETING_VERSION = 1.0;
				PRODUCT_BUNDLE_IDENTIFIER = com.sample.News;
				PRODUCT_NAME = "$(TARGET_NAME)";
				SWIFT_EMIT_LOC_STRINGS = YES;
				SWIFT_VERSION = 5.0;
				TARGETED_DEVICE_FAMILY = "1,2";
			};
			name = Debug;
		};
		6363B3C92C23255C00A12147 /* Release */ = {
			isa = XCBuildConfiguration;
			buildSettings = {
				ASSETCATALOG_COMPILER_APPICON_NAME = AppIcon;
				ASSETCATALOG_COMPILER_GLOBAL_ACCENT_COLOR_NAME = AccentColor;
				CODE_SIGN_STYLE = Automatic;
				CURRENT_PROJECT_VERSION = 1;
				DEVELOPMENT_ASSET_PATHS = "\"News/Preview Content\"";
				ENABLE_PREVIEWS = YES;
				GENERATE_INFOPLIST_FILE = YES;
				INFOPLIST_KEY_UIApplicationSceneManifest_Generation = YES;
				INFOPLIST_KEY_UIApplicationSupportsIndirectInputEvents = YES;
				INFOPLIST_KEY_UILaunchScreen_Generation = YES;
				INFOPLIST_KEY_UISupportedInterfaceOrientations_iPad = "UIInterfaceOrientationPortrait UIInterfaceOrientationPortraitUpsideDown UIInterfaceOrientationLandscapeLeft UIInterfaceOrientationLandscapeRight";
				INFOPLIST_KEY_UISupportedInterfaceOrientations_iPhone = "UIInterfaceOrientationPortrait UIInterfaceOrientationLandscapeLeft UIInterfaceOrientationLandscapeRight";
				LD_RUNPATH_SEARCH_PATHS = (
					"$(inherited)",
					"@executable_path/Frameworks",
				);
				MARKETING_VERSION = 1.0;
				PRODUCT_BUNDLE_IDENTIFIER = com.sample.News;
				PRODUCT_NAME = "$(TARGET_NAME)";
				SWIFT_EMIT_LOC_STRINGS = YES;
				SWIFT_VERSION = 5.0;
				TARGETED_DEVICE_FAMILY = "1,2";
			};
			name = Release;
		};
		6363B3E02C23277C00A12147 /* Debug */ = {
			isa = XCBuildConfiguration;
			buildSettings = {
				ASSETCATALOG_COMPILER_APPICON_NAME = AppIcon;
				ASSETCATALOG_COMPILER_GLOBAL_ACCENT_COLOR_NAME = AccentColor;
				CODE_SIGN_STYLE = Automatic;
				CURRENT_PROJECT_VERSION = 1;
				GENERATE_INFOPLIST_FILE = YES;
				INFOPLIST_FILE = News_Uikit/Info.plist;
				INFOPLIST_KEY_UIApplicationSupportsIndirectInputEvents = YES;
				INFOPLIST_KEY_UILaunchStoryboardName = LaunchScreen;
				INFOPLIST_KEY_UIMainStoryboardFile = Main;
				INFOPLIST_KEY_UISupportedInterfaceOrientations_iPad = "UIInterfaceOrientationPortrait UIInterfaceOrientationPortraitUpsideDown UIInterfaceOrientationLandscapeLeft UIInterfaceOrientationLandscapeRight";
				INFOPLIST_KEY_UISupportedInterfaceOrientations_iPhone = "UIInterfaceOrientationPortrait UIInterfaceOrientationLandscapeLeft UIInterfaceOrientationLandscapeRight";
				LD_RUNPATH_SEARCH_PATHS = (
					"$(inherited)",
					"@executable_path/Frameworks",
				);
				MARKETING_VERSION = 1.0;
				PRODUCT_BUNDLE_IDENTIFIER = "com.sample.News-Uikit";
				PRODUCT_NAME = "$(TARGET_NAME)";
				SWIFT_EMIT_LOC_STRINGS = YES;
				SWIFT_VERSION = 5.0;
				TARGETED_DEVICE_FAMILY = "1,2";
			};
			name = Debug;
		};
		6363B3E12C23277C00A12147 /* Release */ = {
			isa = XCBuildConfiguration;
			buildSettings = {
				ASSETCATALOG_COMPILER_APPICON_NAME = AppIcon;
				ASSETCATALOG_COMPILER_GLOBAL_ACCENT_COLOR_NAME = AccentColor;
				CODE_SIGN_STYLE = Automatic;
				CURRENT_PROJECT_VERSION = 1;
				GENERATE_INFOPLIST_FILE = YES;
				INFOPLIST_FILE = News_Uikit/Info.plist;
				INFOPLIST_KEY_UIApplicationSupportsIndirectInputEvents = YES;
				INFOPLIST_KEY_UILaunchStoryboardName = LaunchScreen;
				INFOPLIST_KEY_UIMainStoryboardFile = Main;
				INFOPLIST_KEY_UISupportedInterfaceOrientations_iPad = "UIInterfaceOrientationPortrait UIInterfaceOrientationPortraitUpsideDown UIInterfaceOrientationLandscapeLeft UIInterfaceOrientationLandscapeRight";
				INFOPLIST_KEY_UISupportedInterfaceOrientations_iPhone = "UIInterfaceOrientationPortrait UIInterfaceOrientationLandscapeLeft UIInterfaceOrientationLandscapeRight";
				LD_RUNPATH_SEARCH_PATHS = (
					"$(inherited)",
					"@executable_path/Frameworks",
				);
				MARKETING_VERSION = 1.0;
				PRODUCT_BUNDLE_IDENTIFIER = "com.sample.News-Uikit";
				PRODUCT_NAME = "$(TARGET_NAME)";
				SWIFT_EMIT_LOC_STRINGS = YES;
				SWIFT_VERSION = 5.0;
				TARGETED_DEVICE_FAMILY = "1,2";
			};
			name = Release;
		};
/* End XCBuildConfiguration section */

/* Begin XCConfigurationList section */
		6363B3B42C23255B00A12147 /* Build configuration list for PBXProject "News" */ = {
			isa = XCConfigurationList;
			buildConfigurations = (
				6363B3C52C23255C00A12147 /* Debug */,
				6363B3C62C23255C00A12147 /* Release */,
			);
			defaultConfigurationIsVisible = 0;
			defaultConfigurationName = Release;
		};
		6363B3C72C23255C00A12147 /* Build configuration list for PBXNativeTarget "News" */ = {
			isa = XCConfigurationList;
			buildConfigurations = (
				6363B3C82C23255C00A12147 /* Debug */,
				6363B3C92C23255C00A12147 /* Release */,
			);
			defaultConfigurationIsVisible = 0;
			defaultConfigurationName = Release;
		};
		6363B3DF2C23277C00A12147 /* Build configuration list for PBXNativeTarget "News_Uikit" */ = {
			isa = XCConfigurationList;
			buildConfigurations = (
				6363B3E02C23277C00A12147 /* Debug */,
				6363B3E12C23277C00A12147 /* Release */,
			);
			defaultConfigurationIsVisible = 0;
			defaultConfigurationName = Release;
		};
/* End XCConfigurationList section */
	};
	rootObject = 6363B3B12C23255B00A12147 /* Project object */;
}
